PODS:
  - FlutterMacOS (1.0.0)
  - photo_manager (3.8.2):
    - Flutter
    - FlutterMacOS

DEPENDENCIES:
  - FlutterMacOS (from `Flutter/ephemeral`)
  - photo_manager (from `Flutter/ephemeral/.symlinks/plugins/photo_manager/darwin`)

EXTERNAL SOURCES:
  FlutterMacOS:
    :path: Flutter/ephemeral
  photo_manager:
    :path: Flutter/ephemeral/.symlinks/plugins/photo_manager/darwin

SPEC CHECKSUMS:
  FlutterMacOS: 8f6f14fa908a6fb3fba0cd85dbd81ec4b251fb24
  photo_manager: 8f40300912c856ef39d0d533a205afab5fbee62f

PODFILE CHECKSUM: 7eb978b976557c8c1cd717d8185ec483fd090a82

COCOAPODS: 1.16.2
